
Microsoft Visual Studio Solution File, Format Version 12.00
# Visual Studio Version 17
VisualStudioVersion = 17.3.32901.215
MinimumVisualStudioVersion = 10.0.40219.1
Project("{FAE04EC0-301F-11D3-BF4B-00C04F79EFBC}") = "ejednevn1k", "ejednevn1k\ejednevn1k.csproj", "{6641F363-5F4D-429E-9C4B-9AA74ECA004B}"
EndProject
Global
	GlobalSection(SolutionConfigurationPlatforms) = preSolution
		Debug|Any CPU = Debug|Any CPU
		Release|Any CPU = Release|Any CPU
	EndGlobalSection
	GlobalSection(ProjectConfigurationPlatforms) = postSolution
		{6641F363-5F4D-429E-9C4B-9AA74ECA004B}.Debug|Any CPU.ActiveCfg = Debug|Any CPU
		{6641F363-5F4D-429E-9C4B-9AA74ECA004B}.Debug|Any CPU.Build.0 = Debug|Any CPU
		{6641F363-5F4D-429E-9C4B-9AA74ECA004B}.Release|Any CPU.ActiveCfg = Release|Any CPU
		{6641F363-5F4D-429E-9C4B-9AA74ECA004B}.Release|Any CPU.Build.0 = Release|Any CPU
	EndGlobalSection
	GlobalSection(SolutionProperties) = preSolution
		HideSolutionNode = FALSE
	EndGlobalSection
	GlobalSection(ExtensibilityGlobals) = postSolution
		SolutionGuid = {545F7DE0-B09E-4A9B-AACA-53018168C6DF}
	EndGlobalSection
EndGlobal
